
Microsoft Visual Studio Solution File, Format Version 12.00
# Visual Studio Version 17
VisualStudioVersion = 17.0.31903.59
MinimumVisualStudioVersion = 10.0.40219.1
Project("{2150E333-8FDC-42A3-9474-1A3956D46DE8}") = "src", "src", "{827E0CD3-B72D-47B6-A68D-7590B98EB39B}"
EndProject
Project("{FAE04EC0-301F-11D3-BF4B-00C04F79EFBC}") = "AI4NGQuestionnairesLambda", "src\AI4NGQuestionnairesLambda\AI4NGQuestionnairesLambda.csproj", "{CC9CB496-97B0-41B4-BAE1-60A9440D6DC9}"
EndProject
Project("{FAE04EC0-301F-11D3-BF4B-00C04F79EFBC}") = "AI4NGExperimentsLambda", "src\AI4NGExperimentsLambda\AI4NGExperimentsLambda.csproj", "{E1063390-9430-493B-9AC0-923560839761}"
EndProject
Project("{FAE04EC0-301F-11D3-BF4B-00C04F79EFBC}") = "AI4NGResponsesLambda", "src\AI4NGResponsesLambda\AI4NGResponsesLambda.csproj", "{FDA261D2-16D1-40B3-A0F1-A6CF1B6B27D7}"
EndProject
Project("{2150E333-8FDC-42A3-9474-1A3956D46DE8}") = "tests", "tests", "{0AB3BF05-4346-4AA6-1389-037BE0695223}"
EndProject
Project("{FAE04EC0-301F-11D3-BF4B-00C04F79EFBC}") = "AI4NGQuestionnaires.Tests", "tests\AI4NGQuestionnaires.Tests\AI4NGQuestionnaires.Tests.csproj", "{329E16CB-F593-40F8-A7E2-1E60DBEB0F66}"
EndProject
Project("{FAE04EC0-301F-11D3-BF4B-00C04F79EFBC}") = "AI4NGExperiments.Tests", "tests\AI4NGExperiments.Tests\AI4NGExperiments.Tests.csproj", "{42042B38-3F17-4D07-AF53-AE4CD20A2FA7}"
EndProject
Project("{FAE04EC0-301F-11D3-BF4B-00C04F79EFBC}") = "AI4NGResponses.Tests", "tests\AI4NGResponses.Tests\AI4NGResponses.Tests.csproj", "{82C0660A-EF46-494C-94F7-07E29CF77A73}"
EndProject
Project("{FAE04EC0-301F-11D3-BF4B-00C04F79EFBC}") = "AI4NGExperimentManagement.Shared", "src\AI4NGExperimentManagement.Shared\AI4NGExperimentManagement.Shared.csproj", "{BCFCDD31-3163-47C4-A9EA-6CA6A07E80B3}"
EndProject
Global
	GlobalSection(SolutionConfigurationPlatforms) = preSolution
		Debug|Any CPU = Debug|Any CPU
		Debug|x64 = Debug|x64
		Debug|x86 = Debug|x86
		Release|Any CPU = Release|Any CPU
		Release|x64 = Release|x64
		Release|x86 = Release|x86
	EndGlobalSection
	GlobalSection(ProjectConfigurationPlatforms) = postSolution
		{CC9CB496-97B0-41B4-BAE1-60A9440D6DC9}.Debug|Any CPU.ActiveCfg = Debug|Any CPU
		{CC9CB496-97B0-41B4-BAE1-60A9440D6DC9}.Debug|Any CPU.Build.0 = Debug|Any CPU
		{CC9CB496-97B0-41B4-BAE1-60A9440D6DC9}.Debug|x64.ActiveCfg = Debug|Any CPU
		{CC9CB496-97B0-41B4-BAE1-60A9440D6DC9}.Debug|x64.Build.0 = Debug|Any CPU
		{CC9CB496-97B0-41B4-BAE1-60A9440D6DC9}.Debug|x86.ActiveCfg = Debug|Any CPU
		{CC9CB496-97B0-41B4-BAE1-60A9440D6DC9}.Debug|x86.Build.0 = Debug|Any CPU
		{CC9CB496-97B0-41B4-BAE1-60A9440D6DC9}.Release|Any CPU.ActiveCfg = Release|Any CPU
		{CC9CB496-97B0-41B4-BAE1-60A9440D6DC9}.Release|Any CPU.Build.0 = Release|Any CPU
		{CC9CB496-97B0-41B4-BAE1-60A9440D6DC9}.Release|x64.ActiveCfg = Release|Any CPU
		{CC9CB496-97B0-41B4-BAE1-60A9440D6DC9}.Release|x64.Build.0 = Release|Any CPU
		{CC9CB496-97B0-41B4-BAE1-60A9440D6DC9}.Release|x86.ActiveCfg = Release|Any CPU
		{CC9CB496-97B0-41B4-BAE1-60A9440D6DC9}.Release|x86.Build.0 = Release|Any CPU
		{E1063390-9430-493B-9AC0-923560839761}.Debug|Any CPU.ActiveCfg = Debug|Any CPU
		{E1063390-9430-493B-9AC0-923560839761}.Debug|Any CPU.Build.0 = Debug|Any CPU
		{E1063390-9430-493B-9AC0-923560839761}.Debug|x64.ActiveCfg = Debug|Any CPU
		{E1063390-9430-493B-9AC0-923560839761}.Debug|x64.Build.0 = Debug|Any CPU
		{E1063390-9430-493B-9AC0-923560839761}.Debug|x86.ActiveCfg = Debug|Any CPU
		{E1063390-9430-493B-9AC0-923560839761}.Debug|x86.Build.0 = Debug|Any CPU
		{E1063390-9430-493B-9AC0-923560839761}.Release|Any CPU.ActiveCfg = Release|Any CPU
		{E1063390-9430-493B-9AC0-923560839761}.Release|Any CPU.Build.0 = Release|Any CPU
		{E1063390-9430-493B-9AC0-923560839761}.Release|x64.ActiveCfg = Release|Any CPU
		{E1063390-9430-493B-9AC0-923560839761}.Release|x64.Build.0 = Release|Any CPU
		{E1063390-9430-493B-9AC0-923560839761}.Release|x86.ActiveCfg = Release|Any CPU
		{E1063390-9430-493B-9AC0-923560839761}.Release|x86.Build.0 = Release|Any CPU
		{FDA261D2-16D1-40B3-A0F1-A6CF1B6B27D7}.Debug|Any CPU.ActiveCfg = Debug|Any CPU
		{FDA261D2-16D1-40B3-A0F1-A6CF1B6B27D7}.Debug|Any CPU.Build.0 = Debug|Any CPU
		{FDA261D2-16D1-40B3-A0F1-A6CF1B6B27D7}.Debug|x64.ActiveCfg = Debug|Any CPU
		{FDA261D2-16D1-40B3-A0F1-A6CF1B6B27D7}.Debug|x64.Build.0 = Debug|Any CPU
		{FDA261D2-16D1-40B3-A0F1-A6CF1B6B27D7}.Debug|x86.ActiveCfg = Debug|Any CPU
		{FDA261D2-16D1-40B3-A0F1-A6CF1B6B27D7}.Debug|x86.Build.0 = Debug|Any CPU
		{FDA261D2-16D1-40B3-A0F1-A6CF1B6B27D7}.Release|Any CPU.ActiveCfg = Release|Any CPU
		{FDA261D2-16D1-40B3-A0F1-A6CF1B6B27D7}.Release|Any CPU.Build.0 = Release|Any CPU
		{FDA261D2-16D1-40B3-A0F1-A6CF1B6B27D7}.Release|x64.ActiveCfg = Release|Any CPU
		{FDA261D2-16D1-40B3-A0F1-A6CF1B6B27D7}.Release|x64.Build.0 = Release|Any CPU
		{FDA261D2-16D1-40B3-A0F1-A6CF1B6B27D7}.Release|x86.ActiveCfg = Release|Any CPU
		{FDA261D2-16D1-40B3-A0F1-A6CF1B6B27D7}.Release|x86.Build.0 = Release|Any CPU
		{329E16CB-F593-40F8-A7E2-1E60DBEB0F66}.Debug|Any CPU.ActiveCfg = Debug|Any CPU
		{329E16CB-F593-40F8-A7E2-1E60DBEB0F66}.Debug|Any CPU.Build.0 = Debug|Any CPU
		{329E16CB-F593-40F8-A7E2-1E60DBEB0F66}.Debug|x64.ActiveCfg = Debug|Any CPU
		{329E16CB-F593-40F8-A7E2-1E60DBEB0F66}.Debug|x64.Build.0 = Debug|Any CPU
		{329E16CB-F593-40F8-A7E2-1E60DBEB0F66}.Debug|x86.ActiveCfg = Debug|Any CPU
		{329E16CB-F593-40F8-A7E2-1E60DBEB0F66}.Debug|x86.Build.0 = Debug|Any CPU
		{329E16CB-F593-40F8-A7E2-1E60DBEB0F66}.Release|Any CPU.ActiveCfg = Release|Any CPU
		{329E16CB-F593-40F8-A7E2-1E60DBEB0F66}.Release|Any CPU.Build.0 = Release|Any CPU
		{329E16CB-F593-40F8-A7E2-1E60DBEB0F66}.Release|x64.ActiveCfg = Release|Any CPU
		{329E16CB-F593-40F8-A7E2-1E60DBEB0F66}.Release|x64.Build.0 = Release|Any CPU
		{329E16CB-F593-40F8-A7E2-1E60DBEB0F66}.Release|x86.ActiveCfg = Release|Any CPU
		{329E16CB-F593-40F8-A7E2-1E60DBEB0F66}.Release|x86.Build.0 = Release|Any CPU
		{42042B38-3F17-4D07-AF53-AE4CD20A2FA7}.Debug|Any CPU.ActiveCfg = Debug|Any CPU
		{42042B38-3F17-4D07-AF53-AE4CD20A2FA7}.Debug|Any CPU.Build.0 = Debug|Any CPU
		{42042B38-3F17-4D07-AF53-AE4CD20A2FA7}.Debug|x64.ActiveCfg = Debug|Any CPU
		{42042B38-3F17-4D07-AF53-AE4CD20A2FA7}.Debug|x64.Build.0 = Debug|Any CPU
		{42042B38-3F17-4D07-AF53-AE4CD20A2FA7}.Debug|x86.ActiveCfg = Debug|Any CPU
		{42042B38-3F17-4D07-AF53-AE4CD20A2FA7}.Debug|x86.Build.0 = Debug|Any CPU
		{42042B38-3F17-4D07-AF53-AE4CD20A2FA7}.Release|Any CPU.ActiveCfg = Release|Any CPU
		{42042B38-3F17-4D07-AF53-AE4CD20A2FA7}.Release|Any CPU.Build.0 = Release|Any CPU
		{42042B38-3F17-4D07-AF53-AE4CD20A2FA7}.Release|x64.ActiveCfg = Release|Any CPU
		{42042B38-3F17-4D07-AF53-AE4CD20A2FA7}.Release|x64.Build.0 = Release|Any CPU
		{42042B38-3F17-4D07-AF53-AE4CD20A2FA7}.Release|x86.ActiveCfg = Release|Any CPU
		{42042B38-3F17-4D07-AF53-AE4CD20A2FA7}.Release|x86.Build.0 = Release|Any CPU
		{82C0660A-EF46-494C-94F7-07E29CF77A73}.Debug|Any CPU.ActiveCfg = Debug|Any CPU
		{82C0660A-EF46-494C-94F7-07E29CF77A73}.Debug|Any CPU.Build.0 = Debug|Any CPU
		{82C0660A-EF46-494C-94F7-07E29CF77A73}.Debug|x64.ActiveCfg = Debug|Any CPU
		{82C0660A-EF46-494C-94F7-07E29CF77A73}.Debug|x64.Build.0 = Debug|Any CPU
		{82C0660A-EF46-494C-94F7-07E29CF77A73}.Debug|x86.ActiveCfg = Debug|Any CPU
		{82C0660A-EF46-494C-94F7-07E29CF77A73}.Debug|x86.Build.0 = Debug|Any CPU
		{82C0660A-EF46-494C-94F7-07E29CF77A73}.Release|Any CPU.ActiveCfg = Release|Any CPU
		{82C0660A-EF46-494C-94F7-07E29CF77A73}.Release|Any CPU.Build.0 = Release|Any CPU
		{82C0660A-EF46-494C-94F7-07E29CF77A73}.Release|x64.ActiveCfg = Release|Any CPU
		{82C0660A-EF46-494C-94F7-07E29CF77A73}.Release|x64.Build.0 = Release|Any CPU
		{82C0660A-EF46-494C-94F7-07E29CF77A73}.Release|x86.ActiveCfg = Release|Any CPU
		{82C0660A-EF46-494C-94F7-07E29CF77A73}.Release|x86.Build.0 = Release|Any CPU
		{BCFCDD31-3163-47C4-A9EA-6CA6A07E80B3}.Debug|Any CPU.ActiveCfg = Debug|Any CPU
		{BCFCDD31-3163-47C4-A9EA-6CA6A07E80B3}.Debug|Any CPU.Build.0 = Debug|Any CPU
		{BCFCDD31-3163-47C4-A9EA-6CA6A07E80B3}.Debug|x64.ActiveCfg = Debug|Any CPU
		{BCFCDD31-3163-47C4-A9EA-6CA6A07E80B3}.Debug|x64.Build.0 = Debug|Any CPU
		{BCFCDD31-3163-47C4-A9EA-6CA6A07E80B3}.Debug|x86.ActiveCfg = Debug|Any CPU
		{BCFCDD31-3163-47C4-A9EA-6CA6A07E80B3}.Debug|x86.Build.0 = Debug|Any CPU
		{BCFCDD31-3163-47C4-A9EA-6CA6A07E80B3}.Release|Any CPU.ActiveCfg = Release|Any CPU
		{BCFCDD31-3163-47C4-A9EA-6CA6A07E80B3}.Release|Any CPU.Build.0 = Release|Any CPU
		{BCFCDD31-3163-47C4-A9EA-6CA6A07E80B3}.Release|x64.ActiveCfg = Release|Any CPU
		{BCFCDD31-3163-47C4-A9EA-6CA6A07E80B3}.Release|x64.Build.0 = Release|Any CPU
		{BCFCDD31-3163-47C4-A9EA-6CA6A07E80B3}.Release|x86.ActiveCfg = Release|Any CPU
		{BCFCDD31-3163-47C4-A9EA-6CA6A07E80B3}.Release|x86.Build.0 = Release|Any CPU
	EndGlobalSection
	GlobalSection(SolutionProperties) = preSolution
		HideSolutionNode = FALSE
	EndGlobalSection
	GlobalSection(NestedProjects) = preSolution
		{CC9CB496-97B0-41B4-BAE1-60A9440D6DC9} = {827E0CD3-B72D-47B6-A68D-7590B98EB39B}
		{E1063390-9430-493B-9AC0-923560839761} = {827E0CD3-B72D-47B6-A68D-7590B98EB39B}
		{FDA261D2-16D1-40B3-A0F1-A6CF1B6B27D7} = {827E0CD3-B72D-47B6-A68D-7590B98EB39B}
		{329E16CB-F593-40F8-A7E2-1E60DBEB0F66} = {0AB3BF05-4346-4AA6-1389-037BE0695223}
		{42042B38-3F17-4D07-AF53-AE4CD20A2FA7} = {0AB3BF05-4346-4AA6-1389-037BE0695223}
		{82C0660A-EF46-494C-94F7-07E29CF77A73} = {0AB3BF05-4346-4AA6-1389-037BE0695223}
		{BCFCDD31-3163-47C4-A9EA-6CA6A07E80B3} = {827E0CD3-B72D-47B6-A68D-7590B98EB39B}
	EndGlobalSection
EndGlobal
